// !$*UTF8*$!
{
	archiveVersion = 1;
	classes = {
	};
	objectVersion = 46;
	objects = {

/* Begin PBXBuildFile section */
		A0A8BD071CA73A1300C906F1 /* MonsterImg.swift in Sources */ = {isa = PBXBuildFile; fileRef = A0A8BD061CA73A1300C906F1 /* MonsterImg.swift */; };
		A0E7D0541CB427EC00C1750E /* HeroImg.swift in Sources */ = {isa = PBXBuildFile; fileRef = A0E7D0531CB427EC00C1750E /* HeroImg.swift */; };
		A0ED461F1CA6A69600240AAC /* AppDelegate.swift in Sources */ = {isa = PBXBuildFile; fileRef = A0ED461E1CA6A69600240AAC /* AppDelegate.swift */; };
		A0ED46211CA6A69600240AAC /* ViewController.swift in Sources */ = {isa = PBXBuildFile; fileRef = A0ED46201CA6A69600240AAC /* ViewController.swift */; };
		A0ED46241CA6A69600240AAC /* Main.storyboard in Resources */ = {isa = PBXBuildFile; fileRef = A0ED46221CA6A69600240AAC /* Main.storyboard */; };
		A0ED46261CA6A69600240AAC /* Assets.xcassets in Resources */ = {isa = PBXBuildFile; fileRef = A0ED46251CA6A69600240AAC /* Assets.xcassets */; };
		A0ED46291CA6A69600240AAC /* LaunchScreen.storyboard in Resources */ = {isa = PBXBuildFile; fileRef = A0ED46271CA6A69600240AAC /* LaunchScreen.storyboard */; };
		A0FD40891CB029F800A9BA01 /* DragImg.swift in Sources */ = {isa = PBXBuildFile; fileRef = A0FD40881CB029F800A9BA01 /* DragImg.swift */; };
/* End PBXBuildFile section */

/* Begin PBXFileReference section */
		A0A8BD061CA73A1300C906F1 /* MonsterImg.swift */ = {isa = PBXFileReference; fileEncoding = 4; lastKnownFileType = sourcecode.swift; path = MonsterImg.swift; sourceTree = "<group>"; };
		A0E7D0531CB427EC00C1750E /* HeroImg.swift */ = {isa = PBXFileReference; fileEncoding = 4; lastKnownFileType = sourcecode.swift; path = HeroImg.swift; sourceTree = "<group>"; };
		A0ED461B1CA6A69600240AAC /* PetMonster.app */ = {isa = PBXFileReference; explicitFileType = wrapper.application; includeInIndex = 0; path = PetMonster.app; sourceTree = BUILT_PRODUCTS_DIR; };
		A0ED461E1CA6A69600240AAC /* AppDelegate.swift */ = {isa = PBXFileReference; lastKnownFileType = sourcecode.swift; path = AppDelegate.swift; sourceTree = "<group>"; };
		A0ED46201CA6A69600240AAC /* ViewController.swift */ = {isa = PBXFileReference; lastKnownFileType = sourcecode.swift; path = ViewController.swift; sourceTree = "<group>"; };
		A0ED46231CA6A69600240AAC /* Base */ = {isa = PBXFileReference; lastKnownFileType = file.storyboard; name = Base; path = Base.lproj/Main.storyboard; sourceTree = "<group>"; };
		A0ED46251CA6A69600240AAC /* Assets.xcassets */ = {isa = PBXFileReference; lastKnownFileType = folder.assetcatalog; path = Assets.xcassets; sourceTree = "<group>"; };
		A0ED46281CA6A69600240AAC /* Base */ = {isa = PBXFileReference; lastKnownFileType = file.storyboard; name = Base; path = Base.lproj/LaunchScreen.storyboard; sourceTree = "<group>"; };
		A0ED462A1CA6A69600240AAC /* Info.plist */ = {isa = PBXFileReference; lastKnownFileType = text.plist.xml; path = Info.plist; sourceTree = "<group>"; };
		A0FD40881CB029F800A9BA01 /* DragImg.swift */ = {isa = PBXFileReference; fileEncoding = 4; lastKnownFileType = sourcecode.swift; path = DragImg.swift; sourceTree = "<group>"; };
/* End PBXFileReference section */

/* Begin PBXFrameworksBuildPhase section */
		A0ED46181CA6A69500240AAC /* Frameworks */ = {
			isa = PBXFrameworksBuildPhase;
			buildActionMask = 2147483647;
			files = (
			);
			runOnlyForDeploymentPostprocessing = 0;
		};
/* End PBXFrameworksBuildPhase section */

/* Begin PBXGroup section */
		A0ED46121CA6A69500240AAC = {
			isa = PBXGroup;
			children = (
				A0ED461D1CA6A69600240AAC /* PetMonster */,
				A0ED461C1CA6A69600240AAC /* Products */,
			);
			sourceTree = "<group>";
		};
		A0ED461C1CA6A69600240AAC /* Products */ = {
			isa = PBXGroup;
			children = (
				A0ED461B1CA6A69600240AAC /* PetMonster.app */,
			);
			name = Products;
			sourceTree = "<group>";
		};
		A0ED461D1CA6A69600240AAC /* PetMonster */ = {
			isa = PBXGroup;
			children = (
				A0ED461E1CA6A69600240AAC /* AppDelegate.swift */,
				A0ED46201CA6A69600240AAC /* ViewController.swift */,
				A0ED46221CA6A69600240AAC /* Main.storyboard */,
				A0ED46251CA6A69600240AAC /* Assets.xcassets */,
				A0ED46271CA6A69600240AAC /* LaunchScreen.storyboard */,
				A0ED462A1CA6A69600240AAC /* Info.plist */,
				A0A8BD061CA73A1300C906F1 /* MonsterImg.swift */,
				A0FD40881CB029F800A9BA01 /* DragImg.swift */,
				A0E7D0531CB427EC00C1750E /* HeroImg.swift */,
			);
			path = PetMonster;
			sourceTree = "<group>";
		};
/* End PBXGroup section */

/* Begin PBXNativeTarget section */
		A0ED461A1CA6A69500240AAC /* PetMonster */ = {
			isa = PBXNativeTarget;
			buildConfigurationList = A0ED462D1CA6A69600240AAC /* Build configuration list for PBXNativeTarget "PetMonster" */;
			buildPhases = (
				A0ED46171CA6A69500240AAC /* Sources */,
				A0ED46181CA6A69500240AAC /* Frameworks */,
				A0ED46191CA6A69500240AAC /* Resources */,
			);
			buildRules = (
			);
			dependencies = (
			);
			name = PetMonster;
			productName = PetMonster;
			productReference = A0ED461B1CA6A69600240AAC /* PetMonster.app */;
			productType = "com.apple.product-type.application";
		};
/* End PBXNativeTarget section */

/* Begin PBXProject section */
		A0ED46131CA6A69500240AAC /* Project object */ = {
			isa = PBXProject;
			attributes = {
				LastSwiftUpdateCheck = 0730;
				LastUpgradeCheck = 0730;
				ORGANIZATIONNAME = "Abhishek H P";
				TargetAttributes = {
					A0ED461A1CA6A69500240AAC = {
						CreatedOnToolsVersion = 7.3;
						DevelopmentTeam = XZLS43B666;
					};
				};
			};
			buildConfigurationList = A0ED46161CA6A69500240AAC /* Build configuration list for PBXProject "PetMonster" */;
			compatibilityVersion = "Xcode 3.2";
			developmentRegion = English;
			hasScannedForEncodings = 0;
			knownRegions = (
				en,
				Base,
			);
			mainGroup = A0ED46121CA6A69500240AAC;
			productRefGroup = A0ED461C1CA6A69600240AAC /* Products */;
			projectDirPath = "";
			projectRoot = "";
			targets = (
				A0ED461A1CA6A69500240AAC /* PetMonster */,
			);
		};
/* End PBXProject section */

/* Begin PBXResourcesBuildPhase section */
		A0ED46191CA6A69500240AAC /* Resources */ = {
			isa = PBXResourcesBuildPhase;
			buildActionMask = 2147483647;
			files = (
				A0ED46291CA6A69600240AAC /* LaunchScreen.storyboard in Resources */,
				A0ED46261CA6A69600240AAC /* Assets.xcassets in Resources */,
				A0ED46241CA6A69600240AAC /* Main.storyboard in Resources */,
			);
			runOnlyForDeploymentPostprocessing = 0;
		};
/* End PBXResourcesBuildPhase section */

/* Begin PBXSourcesBuildPhase section */
		A0ED46171CA6A69500240AAC /* Sources */ = {
			isa = PBXSourcesBuildPhase;
			buildActionMask = 2147483647;
			files = (
				A0ED46211CA6A69600240AAC /* ViewController.swift in Sources */,
				A0ED461F1CA6A69600240AAC /* AppDelegate.swift in Sources */,
				A0E7D0541CB427EC00C1750E /* HeroImg.swift in Sources */,
				A0A8BD071CA73A1300C906F1 /* MonsterImg.swift in Sources */,
				A0FD40891CB029F800A9BA01 /* DragImg.swift in Sources */,
			);
			runOnlyForDeploymentPostprocessing = 0;
		};
/* End PBXSourcesBuildPhase section */

/* Begin PBXVariantGroup section */
		A0ED46221CA6A69600240AAC /* Main.storyboard */ = {
			isa = PBXVariantGroup;
			children = (
				A0ED46231CA6A69600240AAC /* Base */,
			);
			name = Main.storyboard;
			sourceTree = "<group>";
		};
		A0ED46271CA6A69600240AAC /* LaunchScreen.storyboard */ = {
			isa = PBXVariantGroup;
			children = (
				A0ED46281CA6A69600240AAC /* Base */,
			);
			name = LaunchScreen.storyboard;
			sourceTree = "<group>";
		};
/* End PBXVariantGroup section */

/* Begin XCBuildConfiguration section */
		A0ED462B1CA6A69600240AAC /* Debug */ = {
			isa = XCBuildConfiguration;
			buildSettings = {
				ALWAYS_SEARCH_USER_PATHS = NO;
				CLANG_CXX_LANGUAGE_STANDARD = "gnu++0x";
				CLANG_CXX_LIBRARY = "libc++";
				CLANG_ENABLE_MODULES = YES;
				CLANG_ENABLE_OBJC_ARC = YES;
				CLANG_WARN_BOOL_CONVERSION = YES;
				CLANG_WARN_CONSTANT_CONVERSION = YES;
				CLANG_WARN_DIRECT_OBJC_ISA_USAGE = YES_ERROR;
				CLANG_WARN_EMPTY_BODY = YES;
				CLANG_WARN_ENUM_CONVERSION = YES;
				CLANG_WARN_INT_CONVERSION = YES;
				CLANG_WARN_OBJC_ROOT_CLASS = YES_ERROR;
				CLANG_WARN_UNREACHABLE_CODE = YES;
				CLANG_WARN__DUPLICATE_METHOD_MATCH = YES;
				"CODE_SIGN_IDENTITY[sdk=iphoneos*]" = "iPhone Developer";
				COPY_PHASE_STRIP = NO;
				DEBUG_INFORMATION_FORMAT = dwarf;
				ENABLE_STRICT_OBJC_MSGSEND = YES;
				ENABLE_TESTABILITY = YES;
				GCC_C_LANGUAGE_STANDARD = gnu99;
				GCC_DYNAMIC_NO_PIC = NO;
				GCC_NO_COMMON_BLOCKS = YES;
				GCC_OPTIMIZATION_LEVEL = 0;
				GCC_PREPROCESSOR_DEFINITIONS = (
					"DEBUG=1",
					"$(inherited)",
				);
				GCC_WARN_64_TO_32_BIT_CONVERSION = YES;
				GCC_WARN_ABOUT_RETURN_TYPE = YES_ERROR;
				GCC_WARN_UNDECLARED_SELECTOR = YES;
				GCC_WARN_UNINITIALIZED_AUTOS = YES_AGGRESSIVE;
				GCC_WARN_UNUSED_FUNCTION = YES;
				GCC_WARN_UNUSED_VARIABLE = YES;
				IPHONEOS_DEPLOYMENT_TARGET = 9.3;
				MTL_ENABLE_DEBUG_INFO = YES;
				ONLY_ACTIVE_ARCH = YES;
				SDKROOT = iphoneos;
				SWIFT_OPTIMIZATION_LEVEL = "-Onone";
				TARGETED_DEVICE_FAMILY = "1,2";
			};
			name = Debug;
		};
		A0ED462C1CA6A69600240AAC /* Release */ = {
			isa = XCBuildConfiguration;
			buildSettings = {
				ALWAYS_SEARCH_USER_PATHS = NO;
				CLANG_CXX_LANGUAGE_STANDARD = "gnu++0x";
				CLANG_CXX_LIBRARY = "libc++";
				CLANG_ENABLE_MODULES = YES;
				CLANG_ENABLE_OBJC_ARC = YES;
				CLANG_WARN_BOOL_CONVERSION = YES;
				CLANG_WARN_CONSTANT_CONVERSION = YES;
				CLANG_WARN_DIRECT_OBJC_ISA_USAGE = YES_ERROR;
				CLANG_WARN_EMPTY_BODY = YES;
				CLANG_WARN_ENUM_CONVERSION = YES;
				CLANG_WARN_INT_CONVERSION = YES;
				CLANG_WARN_OBJC_ROOT_CLASS = YES_ERROR;
				CLANG_WARN_UNREACHABLE_CODE = YES;
				CLANG_WARN__DUPLICATE_METHOD_MATCH = YES;
				"CODE_SIGN_IDENTITY[sdk=iphoneos*]" = "iPhone Developer";
				COPY_PHASE_STRIP = NO;
				DEBUG_INFORMATION_FORMAT = "dwarf-with-dsym";
				ENABLE_NS_ASSERTIONS = NO;
				ENABLE_STRICT_OBJC_MSGSEND = YES;
				GCC_C_LANGUAGE_STANDARD = gnu99;
				GCC_NO_COMMON_BLOCKS = YES;
				GCC_WARN_64_TO_32_BIT_CONVERSION = YES;
				GCC_WARN_ABOUT_RETURN_TYPE = YES_ERROR;
				GCC_WARN_UNDECLARED_SELECTOR = YES;
				GCC_WARN_UNINITIALIZED_AUTOS = YES_AGGRESSIVE;
				GCC_WARN_UNUSED_FUNCTION = YES;
				GCC_WARN_UNUSED_VARIABLE = YES;
				IPHONEOS_DEPLOYMENT_TARGET = 9.3;
				MTL_ENABLE_DEBUG_INFO = NO;
				SDKROOT = iphoneos;
				TARGETED_DEVICE_FAMILY = "1,2";
				VALIDATE_PRODUCT = YES;
			};
			name = Release;
		};
		A0ED462E1CA6A69600240AAC /* Debug */ = {
			isa = XCBuildConfiguration;
			buildSettings = {
				ASSETCATALOG_COMPILER_APPICON_NAME = AppIcon;
				CODE_SIGN_IDENTITY = "iPhone Developer";
				"CODE_SIGN_IDENTITY[sdk=iphoneos*]" = "iPhone Developer";
				INFOPLIST_FILE = PetMonster/Info.plist;
				IPHONEOS_DEPLOYMENT_TARGET = 9.0;
				LD_RUNPATH_SEARCH_PATHS = "$(inherited) @executable_path/Frameworks";
				PRODUCT_BUNDLE_IDENTIFIER = com.abs.FinalAttack.PetMonster;
				PRODUCT_NAME = "$(TARGET_NAME)";
				PROVISIONING_PROFILE = "";
			};
			name = Debug;
		};
		A0ED462F1CA6A69600240AAC /* Release */ = {
			isa = XCBuildConfiguration;
			buildSettings = {
				ASSETCATALOG_COMPILER_APPICON_NAME = AppIcon;
				CODE_SIGN_IDENTITY = "iPhone Developer";
				"CODE_SIGN_IDENTITY[sdk=iphoneos*]" = "iPhone Developer";
				INFOPLIST_FILE = PetMonster/Info.plist;
				IPHONEOS_DEPLOYMENT_TARGET = 9.0;
				LD_RUNPATH_SEARCH_PATHS = "$(inherited) @executable_path/Frameworks";
				PRODUCT_BUNDLE_IDENTIFIER = com.abs.FinalAttack.PetMonster;
				PRODUCT_NAME = "$(TARGET_NAME)";
				PROVISIONING_PROFILE = "";
			};
			name = Release;
		};
/* End XCBuildConfiguration section */

/* Begin XCConfigurationList section */
		A0ED46161CA6A69500240AAC /* Build configuration list for PBXProject "PetMonster" */ = {
			isa = XCConfigurationList;
			buildConfigurations = (
				A0ED462B1CA6A69600240AAC /* Debug */,
				A0ED462C1CA6A69600240AAC /* Release */,
			);
			defaultConfigurationIsVisible = 0;
			defaultConfigurationName = Release;
		};
		A0ED462D1CA6A69600240AAC /* Build configuration list for PBXNativeTarget "PetMonster" */ = {
			isa = XCConfigurationList;
			buildConfigurations = (
				A0ED462E1CA6A69600240AAC /* Debug */,
				A0ED462F1CA6A69600240AAC /* Release */,
			);
			defaultConfigurationIsVisible = 0;
			defaultConfigurationName = Release;
		};
/* End XCConfigurationList section */
	};
	rootObject = A0ED46131CA6A69500240AAC /* Project object */;
}
